
Microsoft Visual Studio Solution File, Format Version 12.00
# Visual Studio 2013
VisualStudioVersion = 12.0.21005.1
MinimumVisualStudioVersion = 10.0.40219.1
Project("{2150E333-8FDC-42A3-9474-1A3956D46DE8}") = ".nuget", ".nuget", "{6D0D6685-241A-4664-A13F-1BFD1778F7EB}"
	ProjectSection(SolutionItems) = preProject
		.nuget\NuGet.Config = .nuget\NuGet.Config
		.nuget\NuGet.exe = .nuget\NuGet.exe
		.nuget\NuGet.targets = .nuget\NuGet.targets
	EndProjectSection
EndProject
Project("{FAE04EC0-301F-11D3-BF4B-00C04F79EFBC}") = "OneMSQFT.Windows", "OneMSQFT.Windows\OneMSQFT.Windows.csproj", "{D9B3A0F5-915D-4094-BFEE-54949DCDBC55}"
EndProject
Project("{FAE04EC0-301F-11D3-BF4B-00C04F79EFBC}") = "OneMSQFT.Portable", "OneMSQFT.Portable\OneMSQFT.Portable.csproj", "{968DA72E-61D0-4F0D-A6F1-4160AE8AC5FA}"
EndProject
Project("{FAE04EC0-301F-11D3-BF4B-00C04F79EFBC}") = "Microsoft.Practices.Prism.PubSubEvents", "Prism.PubSubEvents\Microsoft.Practices.Prism.PubSubEvents.csproj", "{D5D2645C-03EB-48B0-9873-0904FCDB2CED}"
EndProject
Project("{FAE04EC0-301F-11D3-BF4B-00C04F79EFBC}") = "Microsoft.Practices.Prism.StoreApps", "Prism.StoreApps\Microsoft.Practices.Prism.StoreApps.csproj", "{A2303152-0F67-4CA5-8639-0A16E64A8B6D}"
EndProject
Project("{2150E333-8FDC-42A3-9474-1A3956D46DE8}") = "Tests", "Tests", "{A3656A8F-98CD-45B9-A3A4-1F3B07383846}"
EndProject
Project("{FAE04EC0-301F-11D3-BF4B-00C04F79EFBC}") = "Microsoft.Practices.Prism.PubSubEvents.Tests", "Prism.PubSubEvents.Tests\Microsoft.Practices.Prism.PubSubEvents.Tests.csproj", "{7C7225FE-FD57-48D1-9576-966ED0007EF0}"
EndProject
Project("{FAE04EC0-301F-11D3-BF4B-00C04F79EFBC}") = "Microsoft.Practices.Prism.StoreApps.Tests", "Prism.StoreApps.Tests\Microsoft.Practices.Prism.StoreApps.Tests.csproj", "{4F93F2D6-F9C4-4174-AC52-505800FA2FFC}"
EndProject
Project("{FAE04EC0-301F-11D3-BF4B-00C04F79EFBC}") = "OneMSQFT.UILogic", "OneMSQFT.UILogic\OneMSQFT.UILogic.csproj", "{727502BB-55EB-40EC-AEDF-1DF70DA436A9}"
EndProject
Project("{FAE04EC0-301F-11D3-BF4B-00C04F79EFBC}") = "OneMSQFT.UILogic.Tests", "OneMSQFT.UILogic.Tests\OneMSQFT.UILogic.Tests.csproj", "{2A0A11FD-06FA-4535-AAA5-3124CCDB6492}"
EndProject
Global
	GlobalSection(SolutionConfigurationPlatforms) = preSolution
		Debug|Any CPU = Debug|Any CPU
		Debug|ARM = Debug|ARM
		Debug|x64 = Debug|x64
		Debug|x86 = Debug|x86
		Release|Any CPU = Release|Any CPU
		Release|ARM = Release|ARM
		Release|x64 = Release|x64
		Release|x86 = Release|x86
	EndGlobalSection
	GlobalSection(ProjectConfigurationPlatforms) = postSolution
		{D9B3A0F5-915D-4094-BFEE-54949DCDBC55}.Debug|Any CPU.ActiveCfg = Debug|Any CPU
		{D9B3A0F5-915D-4094-BFEE-54949DCDBC55}.Debug|Any CPU.Build.0 = Debug|Any CPU
		{D9B3A0F5-915D-4094-BFEE-54949DCDBC55}.Debug|Any CPU.Deploy.0 = Debug|Any CPU
		{D9B3A0F5-915D-4094-BFEE-54949DCDBC55}.Debug|ARM.ActiveCfg = Debug|ARM
		{D9B3A0F5-915D-4094-BFEE-54949DCDBC55}.Debug|ARM.Build.0 = Debug|ARM
		{D9B3A0F5-915D-4094-BFEE-54949DCDBC55}.Debug|ARM.Deploy.0 = Debug|ARM
		{D9B3A0F5-915D-4094-BFEE-54949DCDBC55}.Debug|x64.ActiveCfg = Debug|x64
		{D9B3A0F5-915D-4094-BFEE-54949DCDBC55}.Debug|x64.Build.0 = Debug|x64
		{D9B3A0F5-915D-4094-BFEE-54949DCDBC55}.Debug|x64.Deploy.0 = Debug|x64
		{D9B3A0F5-915D-4094-BFEE-54949DCDBC55}.Debug|x86.ActiveCfg = Debug|x86
		{D9B3A0F5-915D-4094-BFEE-54949DCDBC55}.Debug|x86.Build.0 = Debug|x86
		{D9B3A0F5-915D-4094-BFEE-54949DCDBC55}.Debug|x86.Deploy.0 = Debug|x86
		{D9B3A0F5-915D-4094-BFEE-54949DCDBC55}.Release|Any CPU.ActiveCfg = Release|Any CPU
		{D9B3A0F5-915D-4094-BFEE-54949DCDBC55}.Release|Any CPU.Build.0 = Release|Any CPU
		{D9B3A0F5-915D-4094-BFEE-54949DCDBC55}.Release|Any CPU.Deploy.0 = Release|Any CPU
		{D9B3A0F5-915D-4094-BFEE-54949DCDBC55}.Release|ARM.ActiveCfg = Release|ARM
		{D9B3A0F5-915D-4094-BFEE-54949DCDBC55}.Release|ARM.Build.0 = Release|ARM
		{D9B3A0F5-915D-4094-BFEE-54949DCDBC55}.Release|ARM.Deploy.0 = Release|ARM
		{D9B3A0F5-915D-4094-BFEE-54949DCDBC55}.Release|x64.ActiveCfg = Release|x64
		{D9B3A0F5-915D-4094-BFEE-54949DCDBC55}.Release|x64.Build.0 = Release|x64
		{D9B3A0F5-915D-4094-BFEE-54949DCDBC55}.Release|x64.Deploy.0 = Release|x64
		{D9B3A0F5-915D-4094-BFEE-54949DCDBC55}.Release|x86.ActiveCfg = Release|x86
		{D9B3A0F5-915D-4094-BFEE-54949DCDBC55}.Release|x86.Build.0 = Release|x86
		{D9B3A0F5-915D-4094-BFEE-54949DCDBC55}.Release|x86.Deploy.0 = Release|x86
		{968DA72E-61D0-4F0D-A6F1-4160AE8AC5FA}.Debug|Any CPU.ActiveCfg = Debug|Any CPU
		{968DA72E-61D0-4F0D-A6F1-4160AE8AC5FA}.Debug|Any CPU.Build.0 = Debug|Any CPU
		{968DA72E-61D0-4F0D-A6F1-4160AE8AC5FA}.Debug|ARM.ActiveCfg = Debug|Any CPU
		{968DA72E-61D0-4F0D-A6F1-4160AE8AC5FA}.Debug|x64.ActiveCfg = Debug|Any CPU
		{968DA72E-61D0-4F0D-A6F1-4160AE8AC5FA}.Debug|x86.ActiveCfg = Debug|Any CPU
		{968DA72E-61D0-4F0D-A6F1-4160AE8AC5FA}.Release|Any CPU.ActiveCfg = Release|Any CPU
		{968DA72E-61D0-4F0D-A6F1-4160AE8AC5FA}.Release|Any CPU.Build.0 = Release|Any CPU
		{968DA72E-61D0-4F0D-A6F1-4160AE8AC5FA}.Release|ARM.ActiveCfg = Release|Any CPU
		{968DA72E-61D0-4F0D-A6F1-4160AE8AC5FA}.Release|x64.ActiveCfg = Release|Any CPU
		{968DA72E-61D0-4F0D-A6F1-4160AE8AC5FA}.Release|x86.ActiveCfg = Release|Any CPU
		{D5D2645C-03EB-48B0-9873-0904FCDB2CED}.Debug|Any CPU.ActiveCfg = Debug|Any CPU
		{D5D2645C-03EB-48B0-9873-0904FCDB2CED}.Debug|Any CPU.Build.0 = Debug|Any CPU
		{D5D2645C-03EB-48B0-9873-0904FCDB2CED}.Debug|ARM.ActiveCfg = Debug|Any CPU
		{D5D2645C-03EB-48B0-9873-0904FCDB2CED}.Debug|x64.ActiveCfg = Debug|Any CPU
		{D5D2645C-03EB-48B0-9873-0904FCDB2CED}.Debug|x86.ActiveCfg = Debug|Any CPU
		{D5D2645C-03EB-48B0-9873-0904FCDB2CED}.Release|Any CPU.ActiveCfg = Release|Any CPU
		{D5D2645C-03EB-48B0-9873-0904FCDB2CED}.Release|Any CPU.Build.0 = Release|Any CPU
		{D5D2645C-03EB-48B0-9873-0904FCDB2CED}.Release|ARM.ActiveCfg = Release|Any CPU
		{D5D2645C-03EB-48B0-9873-0904FCDB2CED}.Release|x64.ActiveCfg = Release|Any CPU
		{D5D2645C-03EB-48B0-9873-0904FCDB2CED}.Release|x86.ActiveCfg = Release|Any CPU
		{A2303152-0F67-4CA5-8639-0A16E64A8B6D}.Debug|Any CPU.ActiveCfg = Debug|Any CPU
		{A2303152-0F67-4CA5-8639-0A16E64A8B6D}.Debug|Any CPU.Build.0 = Debug|Any CPU
		{A2303152-0F67-4CA5-8639-0A16E64A8B6D}.Debug|ARM.ActiveCfg = Debug|ARM
		{A2303152-0F67-4CA5-8639-0A16E64A8B6D}.Debug|ARM.Build.0 = Debug|ARM
		{A2303152-0F67-4CA5-8639-0A16E64A8B6D}.Debug|x64.ActiveCfg = Debug|x64
		{A2303152-0F67-4CA5-8639-0A16E64A8B6D}.Debug|x64.Build.0 = Debug|x64
		{A2303152-0F67-4CA5-8639-0A16E64A8B6D}.Debug|x86.ActiveCfg = Debug|x86
		{A2303152-0F67-4CA5-8639-0A16E64A8B6D}.Debug|x86.Build.0 = Debug|x86
		{A2303152-0F67-4CA5-8639-0A16E64A8B6D}.Release|Any CPU.ActiveCfg = Release|Any CPU
		{A2303152-0F67-4CA5-8639-0A16E64A8B6D}.Release|Any CPU.Build.0 = Release|Any CPU
		{A2303152-0F67-4CA5-8639-0A16E64A8B6D}.Release|ARM.ActiveCfg = Release|ARM
		{A2303152-0F67-4CA5-8639-0A16E64A8B6D}.Release|ARM.Build.0 = Release|ARM
		{A2303152-0F67-4CA5-8639-0A16E64A8B6D}.Release|x64.ActiveCfg = Release|x64
		{A2303152-0F67-4CA5-8639-0A16E64A8B6D}.Release|x64.Build.0 = Release|x64
		{A2303152-0F67-4CA5-8639-0A16E64A8B6D}.Release|x86.ActiveCfg = Release|x86
		{A2303152-0F67-4CA5-8639-0A16E64A8B6D}.Release|x86.Build.0 = Release|x86
		{7C7225FE-FD57-48D1-9576-966ED0007EF0}.Debug|Any CPU.ActiveCfg = Debug|Any CPU
		{7C7225FE-FD57-48D1-9576-966ED0007EF0}.Debug|Any CPU.Build.0 = Debug|Any CPU
		{7C7225FE-FD57-48D1-9576-966ED0007EF0}.Debug|Any CPU.Deploy.0 = Debug|Any CPU
		{7C7225FE-FD57-48D1-9576-966ED0007EF0}.Debug|ARM.ActiveCfg = Debug|ARM
		{7C7225FE-FD57-48D1-9576-966ED0007EF0}.Debug|ARM.Build.0 = Debug|ARM
		{7C7225FE-FD57-48D1-9576-966ED0007EF0}.Debug|ARM.Deploy.0 = Debug|ARM
		{7C7225FE-FD57-48D1-9576-966ED0007EF0}.Debug|x64.ActiveCfg = Debug|x64
		{7C7225FE-FD57-48D1-9576-966ED0007EF0}.Debug|x64.Build.0 = Debug|x64
		{7C7225FE-FD57-48D1-9576-966ED0007EF0}.Debug|x64.Deploy.0 = Debug|x64
		{7C7225FE-FD57-48D1-9576-966ED0007EF0}.Debug|x86.ActiveCfg = Debug|x86
		{7C7225FE-FD57-48D1-9576-966ED0007EF0}.Debug|x86.Build.0 = Debug|x86
		{7C7225FE-FD57-48D1-9576-966ED0007EF0}.Debug|x86.Deploy.0 = Debug|x86
		{7C7225FE-FD57-48D1-9576-966ED0007EF0}.Release|Any CPU.ActiveCfg = Release|Any CPU
		{7C7225FE-FD57-48D1-9576-966ED0007EF0}.Release|Any CPU.Build.0 = Release|Any CPU
		{7C7225FE-FD57-48D1-9576-966ED0007EF0}.Release|Any CPU.Deploy.0 = Release|Any CPU
		{7C7225FE-FD57-48D1-9576-966ED0007EF0}.Release|ARM.ActiveCfg = Release|ARM
		{7C7225FE-FD57-48D1-9576-966ED0007EF0}.Release|ARM.Build.0 = Release|ARM
		{7C7225FE-FD57-48D1-9576-966ED0007EF0}.Release|ARM.Deploy.0 = Release|ARM
		{7C7225FE-FD57-48D1-9576-966ED0007EF0}.Release|x64.ActiveCfg = Release|x64
		{7C7225FE-FD57-48D1-9576-966ED0007EF0}.Release|x64.Build.0 = Release|x64
		{7C7225FE-FD57-48D1-9576-966ED0007EF0}.Release|x64.Deploy.0 = Release|x64
		{7C7225FE-FD57-48D1-9576-966ED0007EF0}.Release|x86.ActiveCfg = Release|x86
		{7C7225FE-FD57-48D1-9576-966ED0007EF0}.Release|x86.Build.0 = Release|x86
		{7C7225FE-FD57-48D1-9576-966ED0007EF0}.Release|x86.Deploy.0 = Release|x86
		{4F93F2D6-F9C4-4174-AC52-505800FA2FFC}.Debug|Any CPU.ActiveCfg = Debug|Any CPU
		{4F93F2D6-F9C4-4174-AC52-505800FA2FFC}.Debug|Any CPU.Build.0 = Debug|Any CPU
		{4F93F2D6-F9C4-4174-AC52-505800FA2FFC}.Debug|Any CPU.Deploy.0 = Debug|Any CPU
		{4F93F2D6-F9C4-4174-AC52-505800FA2FFC}.Debug|ARM.ActiveCfg = Debug|ARM
		{4F93F2D6-F9C4-4174-AC52-505800FA2FFC}.Debug|ARM.Build.0 = Debug|ARM
		{4F93F2D6-F9C4-4174-AC52-505800FA2FFC}.Debug|ARM.Deploy.0 = Debug|ARM
		{4F93F2D6-F9C4-4174-AC52-505800FA2FFC}.Debug|x64.ActiveCfg = Debug|x64
		{4F93F2D6-F9C4-4174-AC52-505800FA2FFC}.Debug|x64.Build.0 = Debug|x64
		{4F93F2D6-F9C4-4174-AC52-505800FA2FFC}.Debug|x64.Deploy.0 = Debug|x64
		{4F93F2D6-F9C4-4174-AC52-505800FA2FFC}.Debug|x86.ActiveCfg = Debug|x86
		{4F93F2D6-F9C4-4174-AC52-505800FA2FFC}.Debug|x86.Build.0 = Debug|x86
		{4F93F2D6-F9C4-4174-AC52-505800FA2FFC}.Debug|x86.Deploy.0 = Debug|x86
		{4F93F2D6-F9C4-4174-AC52-505800FA2FFC}.Release|Any CPU.ActiveCfg = Release|Any CPU
		{4F93F2D6-F9C4-4174-AC52-505800FA2FFC}.Release|Any CPU.Build.0 = Release|Any CPU
		{4F93F2D6-F9C4-4174-AC52-505800FA2FFC}.Release|Any CPU.Deploy.0 = Release|Any CPU
		{4F93F2D6-F9C4-4174-AC52-505800FA2FFC}.Release|ARM.ActiveCfg = Release|ARM
		{4F93F2D6-F9C4-4174-AC52-505800FA2FFC}.Release|ARM.Build.0 = Release|ARM
		{4F93F2D6-F9C4-4174-AC52-505800FA2FFC}.Release|ARM.Deploy.0 = Release|ARM
		{4F93F2D6-F9C4-4174-AC52-505800FA2FFC}.Release|x64.ActiveCfg = Release|x64
		{4F93F2D6-F9C4-4174-AC52-505800FA2FFC}.Release|x64.Build.0 = Release|x64
		{4F93F2D6-F9C4-4174-AC52-505800FA2FFC}.Release|x64.Deploy.0 = Release|x64
		{4F93F2D6-F9C4-4174-AC52-505800FA2FFC}.Release|x86.ActiveCfg = Release|x86
		{4F93F2D6-F9C4-4174-AC52-505800FA2FFC}.Release|x86.Build.0 = Release|x86
		{4F93F2D6-F9C4-4174-AC52-505800FA2FFC}.Release|x86.Deploy.0 = Release|x86
		{727502BB-55EB-40EC-AEDF-1DF70DA436A9}.Debug|Any CPU.ActiveCfg = Debug|Any CPU
		{727502BB-55EB-40EC-AEDF-1DF70DA436A9}.Debug|Any CPU.Build.0 = Debug|Any CPU
		{727502BB-55EB-40EC-AEDF-1DF70DA436A9}.Debug|ARM.ActiveCfg = Debug|ARM
		{727502BB-55EB-40EC-AEDF-1DF70DA436A9}.Debug|ARM.Build.0 = Debug|ARM
		{727502BB-55EB-40EC-AEDF-1DF70DA436A9}.Debug|x64.ActiveCfg = Debug|x64
		{727502BB-55EB-40EC-AEDF-1DF70DA436A9}.Debug|x64.Build.0 = Debug|x64
		{727502BB-55EB-40EC-AEDF-1DF70DA436A9}.Debug|x86.ActiveCfg = Debug|x86
		{727502BB-55EB-40EC-AEDF-1DF70DA436A9}.Debug|x86.Build.0 = Debug|x86
		{727502BB-55EB-40EC-AEDF-1DF70DA436A9}.Release|Any CPU.ActiveCfg = Release|Any CPU
		{727502BB-55EB-40EC-AEDF-1DF70DA436A9}.Release|Any CPU.Build.0 = Release|Any CPU
		{727502BB-55EB-40EC-AEDF-1DF70DA436A9}.Release|ARM.ActiveCfg = Release|ARM
		{727502BB-55EB-40EC-AEDF-1DF70DA436A9}.Release|ARM.Build.0 = Release|ARM
		{727502BB-55EB-40EC-AEDF-1DF70DA436A9}.Release|x64.ActiveCfg = Release|x64
		{727502BB-55EB-40EC-AEDF-1DF70DA436A9}.Release|x64.Build.0 = Release|x64
		{727502BB-55EB-40EC-AEDF-1DF70DA436A9}.Release|x86.ActiveCfg = Release|x86
		{727502BB-55EB-40EC-AEDF-1DF70DA436A9}.Release|x86.Build.0 = Release|x86
		{2A0A11FD-06FA-4535-AAA5-3124CCDB6492}.Debug|Any CPU.ActiveCfg = Debug|Any CPU
		{2A0A11FD-06FA-4535-AAA5-3124CCDB6492}.Debug|Any CPU.Build.0 = Debug|Any CPU
		{2A0A11FD-06FA-4535-AAA5-3124CCDB6492}.Debug|Any CPU.Deploy.0 = Debug|Any CPU
		{2A0A11FD-06FA-4535-AAA5-3124CCDB6492}.Debug|ARM.ActiveCfg = Debug|ARM
		{2A0A11FD-06FA-4535-AAA5-3124CCDB6492}.Debug|ARM.Build.0 = Debug|ARM
		{2A0A11FD-06FA-4535-AAA5-3124CCDB6492}.Debug|ARM.Deploy.0 = Debug|ARM
		{2A0A11FD-06FA-4535-AAA5-3124CCDB6492}.Debug|x64.ActiveCfg = Debug|x64
		{2A0A11FD-06FA-4535-AAA5-3124CCDB6492}.Debug|x64.Build.0 = Debug|x64
		{2A0A11FD-06FA-4535-AAA5-3124CCDB6492}.Debug|x64.Deploy.0 = Debug|x64
		{2A0A11FD-06FA-4535-AAA5-3124CCDB6492}.Debug|x86.ActiveCfg = Debug|x86
		{2A0A11FD-06FA-4535-AAA5-3124CCDB6492}.Debug|x86.Build.0 = Debug|x86
		{2A0A11FD-06FA-4535-AAA5-3124CCDB6492}.Debug|x86.Deploy.0 = Debug|x86
		{2A0A11FD-06FA-4535-AAA5-3124CCDB6492}.Release|Any CPU.ActiveCfg = Release|Any CPU
		{2A0A11FD-06FA-4535-AAA5-3124CCDB6492}.Release|Any CPU.Build.0 = Release|Any CPU
		{2A0A11FD-06FA-4535-AAA5-3124CCDB6492}.Release|Any CPU.Deploy.0 = Release|Any CPU
		{2A0A11FD-06FA-4535-AAA5-3124CCDB6492}.Release|ARM.ActiveCfg = Release|ARM
		{2A0A11FD-06FA-4535-AAA5-3124CCDB6492}.Release|ARM.Build.0 = Release|ARM
		{2A0A11FD-06FA-4535-AAA5-3124CCDB6492}.Release|ARM.Deploy.0 = Release|ARM
		{2A0A11FD-06FA-4535-AAA5-3124CCDB6492}.Release|x64.ActiveCfg = Release|x64
		{2A0A11FD-06FA-4535-AAA5-3124CCDB6492}.Release|x64.Build.0 = Release|x64
		{2A0A11FD-06FA-4535-AAA5-3124CCDB6492}.Release|x64.Deploy.0 = Release|x64
		{2A0A11FD-06FA-4535-AAA5-3124CCDB6492}.Release|x86.ActiveCfg = Release|x86
		{2A0A11FD-06FA-4535-AAA5-3124CCDB6492}.Release|x86.Build.0 = Release|x86
		{2A0A11FD-06FA-4535-AAA5-3124CCDB6492}.Release|x86.Deploy.0 = Release|x86
	EndGlobalSection
	GlobalSection(SolutionProperties) = preSolution
		HideSolutionNode = FALSE
	EndGlobalSection
	GlobalSection(NestedProjects) = preSolution
		{7C7225FE-FD57-48D1-9576-966ED0007EF0} = {A3656A8F-98CD-45B9-A3A4-1F3B07383846}
		{4F93F2D6-F9C4-4174-AC52-505800FA2FFC} = {A3656A8F-98CD-45B9-A3A4-1F3B07383846}
		{2A0A11FD-06FA-4535-AAA5-3124CCDB6492} = {A3656A8F-98CD-45B9-A3A4-1F3B07383846}
	EndGlobalSection
EndGlobal
